dependencies:
- name: common
  repository: https://charts.bitnami.com/bitnami
  version: 2.3.0
- name: redis
  repository: https://charts.bitnami.com/bitnami
  version: 17.10.3
- name: newrelic-php-agent
  repository: https://wp-digital.github.io/helm-charts
  version: 0.x.x
digest: sha256:9d3d3f736b3e1e10fff8283da7d54255ccaa27c2831d75a36069228f208cc110
generated: "2023-05-17T12:47:42.420669+03:00"
