dependencies:
- name: common
  repository: https://charts.bitnami.com/bitnami
  version: 2.4.0
- name: redis
  repository: https://charts.bitnami.com/bitnami
  version: 17.11.2
- name: newrelic-php-agent
  repository: https://wp-digital.github.io/helm-charts
  version: 0.x.x
digest: sha256:21f30486cf7cff758eb1be4761997675cfeb7cb67cfc7beac3e12444fa09b5c2
generated: "2023-05-20T23:10:15.176065+03:00"
